
Microsoft Visual Studio Solution File, Format Version 12.00
# Visual Studio 15
VisualStudioVersion = 15.0.28307.329
MinimumVisualStudioVersion = 10.0.40219.1
Project("{FAE04EC0-301F-11D3-BF4B-00C04F79EFBC}") = "Queue", "Queue\Queue.csproj", "{999C0A1C-9CB7-42F2-BCD0-D918A7EE47EB}"
EndProject
Global
	GlobalSection(SolutionConfigurationPlatforms) = preSolution
		Debug|Any CPU = Debug|Any CPU
		Release|Any CPU = Release|Any CPU
	EndGlobalSection
	GlobalSection(ProjectConfigurationPlatforms) = postSolution
		{999C0A1C-9CB7-42F2-BCD0-D918A7EE47EB}.Debug|Any CPU.ActiveCfg = Debug|Any CPU
		{999C0A1C-9CB7-42F2-BCD0-D918A7EE47EB}.Debug|Any CPU.Build.0 = Debug|Any CPU
		{999C0A1C-9CB7-42F2-BCD0-D918A7EE47EB}.Release|Any CPU.ActiveCfg = Release|Any CPU
		{999C0A1C-9CB7-42F2-BCD0-D918A7EE47EB}.Release|Any CPU.Build.0 = Release|Any CPU
	EndGlobalSection
	GlobalSection(SolutionProperties) = preSolution
		HideSolutionNode = FALSE
	EndGlobalSection
	GlobalSection(ExtensibilityGlobals) = postSolution
		SolutionGuid = {8C311F99-591B-4FB0-BE50-AC3724C65A5C}
	EndGlobalSection
EndGlobal
